
Microsoft Visual Studio Solution File, Format Version 12.00
# Visual Studio 15
VisualStudioVersion = 15.0.26730.15
MinimumVisualStudioVersion = 10.0.40219.1
Project("{FAE04EC0-301F-11D3-BF4B-00C04F79EFBC}") = "DcsBiosCOMHandler", "DcsBiosCOMHandler\DcsBiosCOMHandler.csproj", "{62C5E7BC-0150-4DD8-81F6-050377FAD7EA}"
EndProject
Global
	GlobalSection(SolutionConfigurationPlatforms) = preSolution
		Debug|Any CPU = Debug|Any CPU
		Debug|x64 = Debug|x64
		Release|Any CPU = Release|Any CPU
		Release|x64 = Release|x64
	EndGlobalSection
	GlobalSection(ProjectConfigurationPlatforms) = postSolution
		{62C5E7BC-0150-4DD8-81F6-050377FAD7EA}.Debug|Any CPU.ActiveCfg = Debug|Any CPU
		{62C5E7BC-0150-4DD8-81F6-050377FAD7EA}.Debug|Any CPU.Build.0 = Debug|Any CPU
		{62C5E7BC-0150-4DD8-81F6-050377FAD7EA}.Debug|x64.ActiveCfg = Debug|x64
		{62C5E7BC-0150-4DD8-81F6-050377FAD7EA}.Debug|x64.Build.0 = Debug|x64
		{62C5E7BC-0150-4DD8-81F6-050377FAD7EA}.Release|Any CPU.ActiveCfg = Release|Any CPU
		{62C5E7BC-0150-4DD8-81F6-050377FAD7EA}.Release|Any CPU.Build.0 = Release|Any CPU
		{62C5E7BC-0150-4DD8-81F6-050377FAD7EA}.Release|x64.ActiveCfg = Release|x64
		{62C5E7BC-0150-4DD8-81F6-050377FAD7EA}.Release|x64.Build.0 = Release|x64
	EndGlobalSection
	GlobalSection(SolutionProperties) = preSolution
		HideSolutionNode = FALSE
	EndGlobalSection
	GlobalSection(ExtensibilityGlobals) = postSolution
		SolutionGuid = {BD44A439-26F3-47D9-966C-2EEFB8B37EB4}
	EndGlobalSection
EndGlobal
